
Microsoft Visual Studio Solution File, Format Version 12.00
# Visual Studio Version 17
VisualStudioVersion = 17.4.33213.308
MinimumVisualStudioVersion = 10.0.40219.1
Project("{FAE04EC0-301F-11D3-BF4B-00C04F79EFBC}") = "BasicAnimations", "BasicAnimations\BasicAnimations.csproj", "{A6C6136E-0AA7-4E27-9DCA-1D372BD34259}"
EndProject
Global
	GlobalSection(SolutionConfigurationPlatforms) = preSolution
		Debug|Any CPU = Debug|Any CPU
		Release|Any CPU = Release|Any CPU
	EndGlobalSection
	GlobalSection(ProjectConfigurationPlatforms) = postSolution
		{A6C6136E-0AA7-4E27-9DCA-1D372BD34259}.Debug|Any CPU.ActiveCfg = Debug|Any CPU
		{A6C6136E-0AA7-4E27-9DCA-1D372BD34259}.Debug|Any CPU.Build.0 = Debug|Any CPU
		{A6C6136E-0AA7-4E27-9DCA-1D372BD34259}.Release|Any CPU.ActiveCfg = Release|Any CPU
		{A6C6136E-0AA7-4E27-9DCA-1D372BD34259}.Release|Any CPU.Build.0 = Release|Any CPU
	EndGlobalSection
	GlobalSection(SolutionProperties) = preSolution
		HideSolutionNode = FALSE
	EndGlobalSection
	GlobalSection(ExtensibilityGlobals) = postSolution
		SolutionGuid = {39718882-6325-4F65-87FC-30BD048DA4F5}
	EndGlobalSection
EndGlobal
