
Microsoft Visual Studio Solution File, Format Version 12.00
# Visual Studio Version 17
VisualStudioVersion = 17.4.33213.308
MinimumVisualStudioVersion = 10.0.40219.1
Project("{FAE04EC0-301F-11D3-BF4B-00C04F79EFBC}") = "AutomaticTrafficControl", "AutomaticTrafficControl\AutomaticTrafficControl.csproj", "{37F252E4-DB0E-49BA-B942-3BB9248D0917}"
EndProject
Global
	GlobalSection(SolutionConfigurationPlatforms) = preSolution
		Debug|Any CPU = Debug|Any CPU
		Release|Any CPU = Release|Any CPU
	EndGlobalSection
	GlobalSection(ProjectConfigurationPlatforms) = postSolution
		{37F252E4-DB0E-49BA-B942-3BB9248D0917}.Debug|Any CPU.ActiveCfg = Debug|Any CPU
		{37F252E4-DB0E-49BA-B942-3BB9248D0917}.Debug|Any CPU.Build.0 = Debug|Any CPU
		{37F252E4-DB0E-49BA-B942-3BB9248D0917}.Release|Any CPU.ActiveCfg = Release|Any CPU
		{37F252E4-DB0E-49BA-B942-3BB9248D0917}.Release|Any CPU.Build.0 = Release|Any CPU
	EndGlobalSection
	GlobalSection(SolutionProperties) = preSolution
		HideSolutionNode = FALSE
	EndGlobalSection
	GlobalSection(ExtensibilityGlobals) = postSolution
		SolutionGuid = {4411AFEB-C105-43B5-B1EA-27DAF1C6C6B5}
	EndGlobalSection
EndGlobal
